
Microsoft Visual Studio Solution File, Format Version 12.00
# Visual Studio Version 18
VisualStudioVersion = 18.5.11801.241 oobstable
MinimumVisualStudioVersion = 10.0.40219.1
Project("{FAE04EC0-301F-11D3-BF4B-00C04F79EFBC}") = "ScpSlDamageDisplay", "ScpSlDamageDisplay.csproj", "{78C84049-C15E-4F11-83AB-FEBA3144DDE7}"
EndProject
Global
	GlobalSection(SolutionConfigurationPlatforms) = preSolution
		Debug|Any CPU = Debug|Any CPU
		Release|Any CPU = Release|Any CPU
	EndGlobalSection
	GlobalSection(ProjectConfigurationPlatforms) = postSolution
		{78C84049-C15E-4F11-83AB-FEBA3144DDE7}.Debug|Any CPU.ActiveCfg = Debug|Any CPU
		{78C84049-C15E-4F11-83AB-FEBA3144DDE7}.Debug|Any CPU.Build.0 = Debug|Any CPU
		{78C84049-C15E-4F11-83AB-FEBA3144DDE7}.Release|Any CPU.ActiveCfg = Release|Any CPU
		{78C84049-C15E-4F11-83AB-FEBA3144DDE7}.Release|Any CPU.Build.0 = Release|Any CPU
	EndGlobalSection
	GlobalSection(SolutionProperties) = preSolution
		HideSolutionNode = FALSE
	EndGlobalSection
	GlobalSection(ExtensibilityGlobals) = postSolution
		SolutionGuid = {2E02CD5C-042B-41B5-88D5-E67BA4822B0A}
	EndGlobalSection
EndGlobal
